// !$*UTF8*$!
{
	archiveVersion = 1;
	classes = {
	};
	objectVersion = 46;
	objects = {

/* Begin PBXBuildFile section */
		3AEE17AB1F4ECBCC007156A4 /* main.m in Sources */ = {isa = PBXBuildFile; fileRef = 3AEE17AA1F4ECBCC007156A4 /* main.m */; };
		3AEE17AE1F4ECBCC007156A4 /* AppDelegate.m in Sources */ = {isa = PBXBuildFile; fileRef = 3AEE17AD1F4ECBCC007156A4 /* AppDelegate.m */; };
		3AEE17B11F4ECBCC007156A4 /* ViewController.m in Sources */ = {isa = PBXBuildFile; fileRef = 3AEE17B01F4ECBCC007156A4 /* ViewController.m */; };
		3AEE17B41F4ECBCC007156A4 /* Main.storyboard in Resources */ = {isa = PBXBuildFile; fileRef = 3AEE17B21F4ECBCC007156A4 /* Main.storyboard */; };
		3AEE17B61F4ECBCC007156A4 /* Assets.xcassets in Resources */ = {isa = PBXBuildFile; fileRef = 3AEE17B51F4ECBCC007156A4 /* Assets.xcassets */; };
		3AEE17B91F4ECBCC007156A4 /* LaunchScreen.storyboard in Resources */ = {isa = PBXBuildFile; fileRef = 3AEE17B71F4ECBCC007156A4 /* LaunchScreen.storyboard */; };
		3AEE17C41F4ECBCD007156A4 /* CreateXLSTests.m in Sources */ = {isa = PBXBuildFile; fileRef = 3AEE17C31F4ECBCD007156A4 /* CreateXLSTests.m */; };
		3AEE17CF1F4ECBCD007156A4 /* CreateXLSUITests.m in Sources */ = {isa = PBXBuildFile; fileRef = 3AEE17CE1F4ECBCD007156A4 /* CreateXLSUITests.m */; };
/* End PBXBuildFile section */

/* Begin PBXContainerItemProxy section */
		3AEE17C01F4ECBCD007156A4 /* PBXContainerItemProxy */ = {
			isa = PBXContainerItemProxy;
			containerPortal = 3AEE179E1F4ECBCC007156A4 /* Project object */;
			proxyType = 1;
			remoteGlobalIDString = 3AEE17A51F4ECBCC007156A4;
			remoteInfo = CreateXLS;
		};
		3AEE17CB1F4ECBCD007156A4 /* PBXContainerItemProxy */ = {
			isa = PBXContainerItemProxy;
			containerPortal = 3AEE179E1F4ECBCC007156A4 /* Project object */;
			proxyType = 1;
			remoteGlobalIDString = 3AEE17A51F4ECBCC007156A4;
			remoteInfo = CreateXLS;
		};
/* End PBXContainerItemProxy section */

/* Begin PBXFileReference section */
		3AEE17A61F4ECBCC007156A4 /* CreateXLS.app */ = {isa = PBXFileReference; explicitFileType = wrapper.application; includeInIndex = 0; path = CreateXLS.app; sourceTree = BUILT_PRODUCTS_DIR; };
		3AEE17AA1F4ECBCC007156A4 /* main.m */ = {isa = PBXFileReference; lastKnownFileType = sourcecode.c.objc; path = main.m; sourceTree = "<group>"; };
		3AEE17AC1F4ECBCC007156A4 /* AppDelegate.h */ = {isa = PBXFileReference; lastKnownFileType = sourcecode.c.h; path = AppDelegate.h; sourceTree = "<group>"; };
		3AEE17AD1F4ECBCC007156A4 /* AppDelegate.m */ = {isa = PBXFileReference; lastKnownFileType = sourcecode.c.objc; path = AppDelegate.m; sourceTree = "<group>"; };
		3AEE17AF1F4ECBCC007156A4 /* ViewController.h */ = {isa = PBXFileReference; lastKnownFileType = sourcecode.c.h; path = ViewController.h; sourceTree = "<group>"; };
		3AEE17B01F4ECBCC007156A4 /* ViewController.m */ = {isa = PBXFileReference; lastKnownFileType = sourcecode.c.objc; path = ViewController.m; sourceTree = "<group>"; };
		3AEE17B31F4ECBCC007156A4 /* Base */ = {isa = PBXFileReference; lastKnownFileType = file.storyboard; name = Base; path = Base.lproj/Main.storyboard; sourceTree = "<group>"; };
		3AEE17B51F4ECBCC007156A4 /* Assets.xcassets */ = {isa = PBXFileReference; lastKnownFileType = folder.assetcatalog; path = Assets.xcassets; sourceTree = "<group>"; };
		3AEE17B81F4ECBCC007156A4 /* Base */ = {isa = PBXFileReference; lastKnownFileType = file.storyboard; name = Base; path = Base.lproj/LaunchScreen.storyboard; sourceTree = "<group>"; };
		3AEE17BA1F4ECBCC007156A4 /* Info.plist */ = {isa = PBXFileReference; lastKnownFileType = text.plist.xml; path = Info.plist; sourceTree = "<group>"; };
		3AEE17BF1F4ECBCD007156A4 /* CreateXLSTests.xctest */ = {isa = PBXFileReference; explicitFileType = wrapper.cfbundle; includeInIndex = 0; path = CreateXLSTests.xctest; sourceTree = BUILT_PRODUCTS_DIR; };
		3AEE17C31F4ECBCD007156A4 /* CreateXLSTests.m */ = {isa = PBXFileReference; lastKnownFileType = sourcecode.c.objc; path = CreateXLSTests.m; sourceTree = "<group>"; };
		3AEE17C51F4ECBCD007156A4 /* Info.plist */ = {isa = PBXFileReference; lastKnownFileType = text.plist.xml; path = Info.plist; sourceTree = "<group>"; };
		3AEE17CA1F4ECBCD007156A4 /* CreateXLSUITests.xctest */ = {isa = PBXFileReference; explicitFileType = wrapper.cfbundle; includeInIndex = 0; path = CreateXLSUITests.xctest; sourceTree = BUILT_PRODUCTS_DIR; };
		3AEE17CE1F4ECBCD007156A4 /* CreateXLSUITests.m */ = {isa = PBXFileReference; lastKnownFileType = sourcecode.c.objc; path = CreateXLSUITests.m; sourceTree = "<group>"; };
		3AEE17D01F4ECBCD007156A4 /* Info.plist */ = {isa = PBXFileReference; lastKnownFileType = text.plist.xml; path = Info.plist; sourceTree = "<group>"; };
/* End PBXFileReference section */

/* Begin PBXFrameworksBuildPhase section */
		3AEE17A31F4ECBCC007156A4 /* Frameworks */ = {
			isa = PBXFrameworksBuildPhase;
			buildActionMask = 2147483647;
			files = (
			);
			runOnlyForDeploymentPostprocessing = 0;
		};
		3AEE17BC1F4ECBCD007156A4 /* Frameworks */ = {
			isa = PBXFrameworksBuildPhase;
			buildActionMask = 2147483647;
			files = (
			);
			runOnlyForDeploymentPostprocessing = 0;
		};
		3AEE17C71F4ECBCD007156A4 /* Frameworks */ = {
			isa = PBXFrameworksBuildPhase;
			buildActionMask = 2147483647;
			files = (
			);
			runOnlyForDeploymentPostprocessing = 0;
		};
/* End PBXFrameworksBuildPhase section */

/* Begin PBXGroup section */
		3AEE179D1F4ECBCC007156A4 = {
			isa = PBXGroup;
			children = (
				3AEE17A81F4ECBCC007156A4 /* CreateXLS */,
				3AEE17C21F4ECBCD007156A4 /* CreateXLSTests */,
				3AEE17CD1F4ECBCD007156A4 /* CreateXLSUITests */,
				3AEE17A71F4ECBCC007156A4 /* Products */,
			);
			sourceTree = "<group>";
		};
		3AEE17A71F4ECBCC007156A4 /* Products */ = {
			isa = PBXGroup;
			children = (
				3AEE17A61F4ECBCC007156A4 /* CreateXLS.app */,
				3AEE17BF1F4ECBCD007156A4 /* CreateXLSTests.xctest */,
				3AEE17CA1F4ECBCD007156A4 /* CreateXLSUITests.xctest */,
			);
			name = Products;
			sourceTree = "<group>";
		};
		3AEE17A81F4ECBCC007156A4 /* CreateXLS */ = {
			isa = PBXGroup;
			children = (
				3AEE17AC1F4ECBCC007156A4 /* AppDelegate.h */,
				3AEE17AD1F4ECBCC007156A4 /* AppDelegate.m */,
				3AEE17AF1F4ECBCC007156A4 /* ViewController.h */,
				3AEE17B01F4ECBCC007156A4 /* ViewController.m */,
				3AEE17B21F4ECBCC007156A4 /* Main.storyboard */,
				3AEE17B51F4ECBCC007156A4 /* Assets.xcassets */,
				3AEE17B71F4ECBCC007156A4 /* LaunchScreen.storyboard */,
				3AEE17BA1F4ECBCC007156A4 /* Info.plist */,
				3AEE17A91F4ECBCC007156A4 /* Supporting Files */,
			);
			path = CreateXLS;
			sourceTree = "<group>";
		};
		3AEE17A91F4ECBCC007156A4 /* Supporting Files */ = {
			isa = PBXGroup;
			children = (
				3AEE17AA1F4ECBCC007156A4 /* main.m */,
			);
			name = "Supporting Files";
			sourceTree = "<group>";
		};
		3AEE17C21F4ECBCD007156A4 /* CreateXLSTests */ = {
			isa = PBXGroup;
			children = (
				3AEE17C31F4ECBCD007156A4 /* CreateXLSTests.m */,
				3AEE17C51F4ECBCD007156A4 /* Info.plist */,
			);
			path = CreateXLSTests;
			sourceTree = "<group>";
		};
		3AEE17CD1F4ECBCD007156A4 /* CreateXLSUITests */ = {
			isa = PBXGroup;
			children = (
				3AEE17CE1F4ECBCD007156A4 /* CreateXLSUITests.m */,
				3AEE17D01F4ECBCD007156A4 /* Info.plist */,
			);
			path = CreateXLSUITests;
			sourceTree = "<group>";
		};
/* End PBXGroup section */

/* Begin PBXNativeTarget section */
		3AEE17A51F4ECBCC007156A4 /* CreateXLS */ = {
			isa = PBXNativeTarget;
			buildConfigurationList = 3AEE17D31F4ECBCD007156A4 /* Build configuration list for PBXNativeTarget "CreateXLS" */;
			buildPhases = (
				3AEE17A21F4ECBCC007156A4 /* Sources */,
				3AEE17A31F4ECBCC007156A4 /* Frameworks */,
				3AEE17A41F4ECBCC007156A4 /* Resources */,
			);
			buildRules = (
			);
			dependencies = (
			);
			name = CreateXLS;
			productName = CreateXLS;
			productReference = 3AEE17A61F4ECBCC007156A4 /* CreateXLS.app */;
			productType = "com.apple.product-type.application";
		};
		3AEE17BE1F4ECBCD007156A4 /* CreateXLSTests */ = {
			isa = PBXNativeTarget;
			buildConfigurationList = 3AEE17D61F4ECBCD007156A4 /* Build configuration list for PBXNativeTarget "CreateXLSTests" */;
			buildPhases = (
				3AEE17BB1F4ECBCD007156A4 /* Sources */,
				3AEE17BC1F4ECBCD007156A4 /* Frameworks */,
				3AEE17BD1F4ECBCD007156A4 /* Resources */,
			);
			buildRules = (
			);
			dependencies = (
				3AEE17C11F4ECBCD007156A4 /* PBXTargetDependency */,
			);
			name = CreateXLSTests;
			productName = CreateXLSTests;
			productReference = 3AEE17BF1F4ECBCD007156A4 /* CreateXLSTests.xctest */;
			productType = "com.apple.product-type.bundle.unit-test";
		};
		3AEE17C91F4ECBCD007156A4 /* CreateXLSUITests */ = {
			isa = PBXNativeTarget;
			buildConfigurationList = 3AEE17D91F4ECBCD007156A4 /* Build configuration list for PBXNativeTarget "CreateXLSUITests" */;
			buildPhases = (
				3AEE17C61F4ECBCD007156A4 /* Sources */,
				3AEE17C71F4ECBCD007156A4 /* Frameworks */,
				3AEE17C81F4ECBCD007156A4 /* Resources */,
			);
			buildRules = (
			);
			dependencies = (
				3AEE17CC1F4ECBCD007156A4 /* PBXTargetDependency */,
			);
			name = CreateXLSUITests;
			productName = CreateXLSUITests;
			productReference = 3AEE17CA1F4ECBCD007156A4 /* CreateXLSUITests.xctest */;
			productType = "com.apple.product-type.bundle.ui-testing";
		};
/* End PBXNativeTarget section */

/* Begin PBXProject section */
		3AEE179E1F4ECBCC007156A4 /* Project object */ = {
			isa = PBXProject;
			attributes = {
				LastUpgradeCheck = 0830;
				ORGANIZATIONNAME = "维奕";
				TargetAttributes = {
					3AEE17A51F4ECBCC007156A4 = {
						CreatedOnToolsVersion = 8.3.3;
						DevelopmentTeam = Y9U34KNW5X;
						ProvisioningStyle = Automatic;
					};
					3AEE17BE1F4ECBCD007156A4 = {
						CreatedOnToolsVersion = 8.3.3;
						DevelopmentTeam = 2M9SKNU2B7;
						ProvisioningStyle = Automatic;
						TestTargetID = 3AEE17A51F4ECBCC007156A4;
					};
					3AEE17C91F4ECBCD007156A4 = {
						CreatedOnToolsVersion = 8.3.3;
						DevelopmentTeam = 2M9SKNU2B7;
						ProvisioningStyle = Automatic;
						TestTargetID = 3AEE17A51F4ECBCC007156A4;
					};
				};
			};
			buildConfigurationList = 3AEE17A11F4ECBCC007156A4 /* Build configuration list for PBXProject "CreateXLS" */;
			compatibilityVersion = "Xcode 3.2";
			developmentRegion = English;
			hasScannedForEncodings = 0;
			knownRegions = (
				en,
				Base,
			);
			mainGroup = 3AEE179D1F4ECBCC007156A4;
			productRefGroup = 3AEE17A71F4ECBCC007156A4 /* Products */;
			projectDirPath = "";
			projectRoot = "";
			targets = (
				3AEE17A51F4ECBCC007156A4 /* CreateXLS */,
				3AEE17BE1F4ECBCD007156A4 /* CreateXLSTests */,
				3AEE17C91F4ECBCD007156A4 /* CreateXLSUITests */,
			);
		};
/* End PBXProject section */

/* Begin PBXResourcesBuildPhase section */
		3AEE17A41F4ECBCC007156A4 /* Resources */ = {
			isa = PBXResourcesBuildPhase;
			buildActionMask = 2147483647;
			files = (
				3AEE17B91F4ECBCC007156A4 /* LaunchScreen.storyboard in Resources */,
				3AEE17B61F4ECBCC007156A4 /* Assets.xcassets in Resources */,
				3AEE17B41F4ECBCC007156A4 /* Main.storyboard in Resources */,
			);
			runOnlyForDeploymentPostprocessing = 0;
		};
		3AEE17BD1F4ECBCD007156A4 /* Resources */ = {
			isa = PBXResourcesBuildPhase;
			buildActionMask = 2147483647;
			files = (
			);
			runOnlyForDeploymentPostprocessing = 0;
		};
		3AEE17C81F4ECBCD007156A4 /* Resources */ = {
			isa = PBXResourcesBuildPhase;
			buildActionMask = 2147483647;
			files = (
			);
			runOnlyForDeploymentPostprocessing = 0;
		};
/* End PBXResourcesBuildPhase section */

/* Begin PBXSourcesBuildPhase section */
		3AEE17A21F4ECBCC007156A4 /* Sources */ = {
			isa = PBXSourcesBuildPhase;
			buildActionMask = 2147483647;
			files = (
				3AEE17B11F4ECBCC007156A4 /* ViewController.m in Sources */,
				3AEE17AE1F4ECBCC007156A4 /* AppDelegate.m in Sources */,
				3AEE17AB1F4ECBCC007156A4 /* main.m in Sources */,
			);
			runOnlyForDeploymentPostprocessing = 0;
		};
		3AEE17BB1F4ECBCD007156A4 /* Sources */ = {
			isa = PBXSourcesBuildPhase;
			buildActionMask = 2147483647;
			files = (
				3AEE17C41F4ECBCD007156A4 /* CreateXLSTests.m in Sources */,
			);
			runOnlyForDeploymentPostprocessing = 0;
		};
		3AEE17C61F4ECBCD007156A4 /* Sources */ = {
			isa = PBXSourcesBuildPhase;
			buildActionMask = 2147483647;
			files = (
				3AEE17CF1F4ECBCD007156A4 /* CreateXLSUITests.m in Sources */,
			);
			runOnlyForDeploymentPostprocessing = 0;
		};
/* End PBXSourcesBuildPhase section */

/* Begin PBXTargetDependency section */
		3AEE17C11F4ECBCD007156A4 /* PBXTargetDependency */ = {
			isa = PBXTargetDependency;
			target = 3AEE17A51F4ECBCC007156A4 /* CreateXLS */;
			targetProxy = 3AEE17C01F4ECBCD007156A4 /* PBXContainerItemProxy */;
		};
		3AEE17CC1F4ECBCD007156A4 /* PBXTargetDependency */ = {
			isa = PBXTargetDependency;
			target = 3AEE17A51F4ECBCC007156A4 /* CreateXLS */;
			targetProxy = 3AEE17CB1F4ECBCD007156A4 /* PBXContainerItemProxy */;
		};
/* End PBXTargetDependency section */

/* Begin PBXVariantGroup section */
		3AEE17B21F4ECBCC007156A4 /* Main.storyboard */ = {
			isa = PBXVariantGroup;
			children = (
				3AEE17B31F4ECBCC007156A4 /* Base */,
			);
			name = Main.storyboard;
			sourceTree = "<group>";
		};
		3AEE17B71F4ECBCC007156A4 /* LaunchScreen.storyboard */ = {
			isa = PBXVariantGroup;
			children = (
				3AEE17B81F4ECBCC007156A4 /* Base */,
			);
			name = LaunchScreen.storyboard;
			sourceTree = "<group>";
		};
/* End PBXVariantGroup section */

/* Begin XCBuildConfiguration section */
		3AEE17D11F4ECBCD007156A4 /* Debug */ = {
			isa = XCBuildConfiguration;
			buildSettings = {
				ALWAYS_SEARCH_USER_PATHS = NO;
				CLANG_ANALYZER_NONNULL = YES;
				CLANG_ANALYZER_NUMBER_OBJECT_CONVERSION = YES_AGGRESSIVE;
				CLANG_CXX_LANGUAGE_STANDARD = "gnu++0x";
				CLANG_CXX_LIBRARY = "libc++";
				CLANG_ENABLE_MODULES = YES;
				CLANG_ENABLE_OBJC_ARC = YES;
				CLANG_WARN_BOOL_CONVERSION = YES;
				CLANG_WARN_CONSTANT_CONVERSION = YES;
				CLANG_WARN_DIRECT_OBJC_ISA_USAGE = YES_ERROR;
				CLANG_WARN_DOCUMENTATION_COMMENTS = YES;
				CLANG_WARN_EMPTY_BODY = YES;
				CLANG_WARN_ENUM_CONVERSION = YES;
				CLANG_WARN_INFINITE_RECURSION = YES;
				CLANG_WARN_INT_CONVERSION = YES;
				CLANG_WARN_OBJC_ROOT_CLASS = YES_ERROR;
				CLANG_WARN_SUSPICIOUS_MOVE = YES;
				CLANG_WARN_UNREACHABLE_CODE = YES;
				CLANG_WARN__DUPLICATE_METHOD_MATCH = YES;
				"CODE_SIGN_IDENTITY[sdk=iphoneos*]" = "iPhone Developer";
				COPY_PHASE_STRIP = NO;
				DEBUG_INFORMATION_FORMAT = dwarf;
				ENABLE_STRICT_OBJC_MSGSEND = YES;
				ENABLE_TESTABILITY = YES;
				GCC_C_LANGUAGE_STANDARD = gnu99;
				GCC_DYNAMIC_NO_PIC = NO;
				GCC_NO_COMMON_BLOCKS = YES;
				GCC_OPTIMIZATION_LEVEL = 0;
				GCC_PREPROCESSOR_DEFINITIONS = (
					"DEBUG=1",
					"$(inherited)",
				);
				GCC_WARN_64_TO_32_BIT_CONVERSION = YES;
				GCC_WARN_ABOUT_RETURN_TYPE = YES_ERROR;
				GCC_WARN_UNDECLARED_SELECTOR = YES;
				GCC_WARN_UNINITIALIZED_AUTOS = YES_AGGRESSIVE;
				GCC_WARN_UNUSED_FUNCTION = YES;
				GCC_WARN_UNUSED_VARIABLE = YES;
				IPHONEOS_DEPLOYMENT_TARGET = 10.3;
				MTL_ENABLE_DEBUG_INFO = YES;
				ONLY_ACTIVE_ARCH = YES;
				SDKROOT = iphoneos;
			};
			name = Debug;
		};
		3AEE17D21F4ECBCD007156A4 /* Release */ = {
			isa = XCBuildConfiguration;
			buildSettings = {
				ALWAYS_SEARCH_USER_PATHS = NO;
				CLANG_ANALYZER_NONNULL = YES;
				CLANG_ANALYZER_NUMBER_OBJECT_CONVERSION = YES_AGGRESSIVE;
				CLANG_CXX_LANGUAGE_STANDARD = "gnu++0x";
				CLANG_CXX_LIBRARY = "libc++";
				CLANG_ENABLE_MODULES = YES;
				CLANG_ENABLE_OBJC_ARC = YES;
				CLANG_WARN_BOOL_CONVERSION = YES;
				CLANG_WARN_CONSTANT_CONVERSION = YES;
				CLANG_WARN_DIRECT_OBJC_ISA_USAGE = YES_ERROR;
				CLANG_WARN_DOCUMENTATION_COMMENTS = YES;
				CLANG_WARN_EMPTY_BODY = YES;
				CLANG_WARN_ENUM_CONVERSION = YES;
				CLANG_WARN_INFINITE_RECURSION = YES;
				CLANG_WARN_INT_CONVERSION = YES;
				CLANG_WARN_OBJC_ROOT_CLASS = YES_ERROR;
				CLANG_WARN_SUSPICIOUS_MOVE = YES;
				CLANG_WARN_UNREACHABLE_CODE = YES;
				CLANG_WARN__DUPLICATE_METHOD_MATCH = YES;
				"CODE_SIGN_IDENTITY[sdk=iphoneos*]" = "iPhone Developer";
				COPY_PHASE_STRIP = NO;
				DEBUG_INFORMATION_FORMAT = "dwarf-with-dsym";
				ENABLE_NS_ASSERTIONS = NO;
				ENABLE_STRICT_OBJC_MSGSEND = YES;
				GCC_C_LANGUAGE_STANDARD = gnu99;
				GCC_NO_COMMON_BLOCKS = YES;
				GCC_WARN_64_TO_32_BIT_CONVERSION = YES;
				GCC_WARN_ABOUT_RETURN_TYPE = YES_ERROR;
				GCC_WARN_UNDECLARED_SELECTOR = YES;
				GCC_WARN_UNINITIALIZED_AUTOS = YES_AGGRESSIVE;
				GCC_WARN_UNUSED_FUNCTION = YES;
				GCC_WARN_UNUSED_VARIABLE = YES;
				IPHONEOS_DEPLOYMENT_TARGET = 10.3;
				MTL_ENABLE_DEBUG_INFO = NO;
				SDKROOT = iphoneos;
				VALIDATE_PRODUCT = YES;
			};
			name = Release;
		};
		3AEE17D41F4ECBCD007156A4 /* Debug */ = {
			isa = XCBuildConfiguration;
			buildSettings = {
				ASSETCATALOG_COMPILER_APPICON_NAME = AppIcon;
				DEVELOPMENT_TEAM = Y9U34KNW5X;
				INFOPLIST_FILE = CreateXLS/Info.plist;
				LD_RUNPATH_SEARCH_PATHS = "$(inherited) @executable_path/Frameworks";
				PRODUCT_BUNDLE_IDENTIFIER = weiyi.CreateXLS;
				PRODUCT_NAME = "$(TARGET_NAME)";
			};
			name = Debug;
		};
		3AEE17D51F4ECBCD007156A4 /* Release */ = {
			isa = XCBuildConfiguration;
			buildSettings = {
				ASSETCATALOG_COMPILER_APPICON_NAME = AppIcon;
				DEVELOPMENT_TEAM = Y9U34KNW5X;
				INFOPLIST_FILE = CreateXLS/Info.plist;
				LD_RUNPATH_SEARCH_PATHS = "$(inherited) @executable_path/Frameworks";
				PRODUCT_BUNDLE_IDENTIFIER = weiyi.CreateXLS;
				PRODUCT_NAME = "$(TARGET_NAME)";
			};
			name = Release;
		};
		3AEE17D71F4ECBCD007156A4 /* Debug */ = {
			isa = XCBuildConfiguration;
			buildSettings = {
				BUNDLE_LOADER = "$(TEST_HOST)";
				DEVELOPMENT_TEAM = 2M9SKNU2B7;
				INFOPLIST_FILE = CreateXLSTests/Info.plist;
				LD_RUNPATH_SEARCH_PATHS = "$(inherited) @executable_path/Frameworks @loader_path/Frameworks";
				PRODUCT_BUNDLE_IDENTIFIER = weiyi.CreateXLSTests;
				PRODUCT_NAME = "$(TARGET_NAME)";
				TEST_HOST = "$(BUILT_PRODUCTS_DIR)/CreateXLS.app/CreateXLS";
			};
			name = Debug;
		};
		3AEE17D81F4ECBCD007156A4 /* Release */ = {
			isa = XCBuildConfiguration;
			buildSettings = {
				BUNDLE_LOADER = "$(TEST_HOST)";
				DEVELOPMENT_TEAM = 2M9SKNU2B7;
				INFOPLIST_FILE = CreateXLSTests/Info.plist;
				LD_RUNPATH_SEARCH_PATHS = "$(inherited) @executable_path/Frameworks @loader_path/Frameworks";
				PRODUCT_BUNDLE_IDENTIFIER = weiyi.CreateXLSTests;
				PRODUCT_NAME = "$(TARGET_NAME)";
				TEST_HOST = "$(BUILT_PRODUCTS_DIR)/CreateXLS.app/CreateXLS";
			};
			name = Release;
		};
		3AEE17DA1F4ECBCD007156A4 /* Debug */ = {
			isa = XCBuildConfiguration;
			buildSettings = {
				DEVELOPMENT_TEAM = 2M9SKNU2B7;
				INFOPLIST_FILE = CreateXLSUITests/Info.plist;
				LD_RUNPATH_SEARCH_PATHS = "$(inherited) @executable_path/Frameworks @loader_path/Frameworks";
				PRODUCT_BUNDLE_IDENTIFIER = weiyi.CreateXLSUITests;
				PRODUCT_NAME = "$(TARGET_NAME)";
				TEST_TARGET_NAME = CreateXLS;
			};
			name = Debug;
		};
		3AEE17DB1F4ECBCD007156A4 /* Release */ = {
			isa = XCBuildConfiguration;
			buildSettings = {
				DEVELOPMENT_TEAM = 2M9SKNU2B7;
				INFOPLIST_FILE = CreateXLSUITests/Info.plist;
				LD_RUNPATH_SEARCH_PATHS = "$(inherited) @executable_path/Frameworks @loader_path/Frameworks";
				PRODUCT_BUNDLE_IDENTIFIER = weiyi.CreateXLSUITests;
				PRODUCT_NAME = "$(TARGET_NAME)";
				TEST_TARGET_NAME = CreateXLS;
			};
			name = Release;
		};
/* End XCBuildConfiguration section */

/* Begin XCConfigurationList section */
		3AEE17A11F4ECBCC007156A4 /* Build configuration list for PBXProject "CreateXLS" */ = {
			isa = XCConfigurationList;
			buildConfigurations = (
				3AEE17D11F4ECBCD007156A4 /* Debug */,
				3AEE17D21F4ECBCD007156A4 /* Release */,
			);
			defaultConfigurationIsVisible = 0;
			defaultConfigurationName = Release;
		};
		3AEE17D31F4ECBCD007156A4 /* Build configuration list for PBXNativeTarget "CreateXLS" */ = {
			isa = XCConfigurationList;
			buildConfigurations = (
				3AEE17D41F4ECBCD007156A4 /* Debug */,
				3AEE17D51F4ECBCD007156A4 /* Release */,
			);
			defaultConfigurationIsVisible = 0;
		};
		3AEE17D61F4ECBCD007156A4 /* Build configuration list for PBXNativeTarget "CreateXLSTests" */ = {
			isa = XCConfigurationList;
			buildConfigurations = (
				3AEE17D71F4ECBCD007156A4 /* Debug */,
				3AEE17D81F4ECBCD007156A4 /* Release */,
			);
			defaultConfigurationIsVisible = 0;
		};
		3AEE17D91F4ECBCD007156A4 /* Build configuration list for PBXNativeTarget "CreateXLSUITests" */ = {
			isa = XCConfigurationList;
			buildConfigurations = (
				3AEE17DA1F4ECBCD007156A4 /* Debug */,
				3AEE17DB1F4ECBCD007156A4 /* Release */,
			);
			defaultConfigurationIsVisible = 0;
		};
/* End XCConfigurationList section */
	};
	rootObject = 3AEE179E1F4ECBCC007156A4 /* Project object */;
}
